
Microsoft Visual Studio Solution File, Format Version 12.00
# Visual Studio 15
VisualStudioVersion = 15.0.27004.2005
MinimumVisualStudioVersion = 10.0.40219.1
Project("{FAE04EC0-301F-11D3-BF4B-00C04F79EFBC}") = "Vabandused", "Vabandused\Vabandused.csproj", "{E8117E06-1338-4023-8F82-96C61E574CFE}"
EndProject
Global
	GlobalSection(SolutionConfigurationPlatforms) = preSolution
		Debug|Any CPU = Debug|Any CPU
		Release|Any CPU = Release|Any CPU
	EndGlobalSection
	GlobalSection(ProjectConfigurationPlatforms) = postSolution
		{E8117E06-1338-4023-8F82-96C61E574CFE}.Debug|Any CPU.ActiveCfg = Debug|Any CPU
		{E8117E06-1338-4023-8F82-96C61E574CFE}.Debug|Any CPU.Build.0 = Debug|Any CPU
		{E8117E06-1338-4023-8F82-96C61E574CFE}.Release|Any CPU.ActiveCfg = Release|Any CPU
		{E8117E06-1338-4023-8F82-96C61E574CFE}.Release|Any CPU.Build.0 = Release|Any CPU
	EndGlobalSection
	GlobalSection(SolutionProperties) = preSolution
		HideSolutionNode = FALSE
	EndGlobalSection
	GlobalSection(ExtensibilityGlobals) = postSolution
		SolutionGuid = {915E13C1-EDF2-4785-A5E4-CBACD7FE4777}
	EndGlobalSection
EndGlobal
